
Microsoft Visual Studio Solution File, Format Version 12.00
# Visual Studio Version 16
VisualStudioVersion = 16.0.31005.135
MinimumVisualStudioVersion = 10.0.40219.1
Project("{FAE04EC0-301F-11D3-BF4B-00C04F79EFBC}") = "BiggerIsGreater", "BiggerIsGreater.csproj", "{8EBC7B6A-52B1-4FF5-9CF3-87EA87621FAE}"
EndProject
Global
	GlobalSection(SolutionConfigurationPlatforms) = preSolution
		Debug|Any CPU = Debug|Any CPU
		Release|Any CPU = Release|Any CPU
	EndGlobalSection
	GlobalSection(ProjectConfigurationPlatforms) = postSolution
		{8EBC7B6A-52B1-4FF5-9CF3-87EA87621FAE}.Debug|Any CPU.ActiveCfg = Debug|Any CPU
		{8EBC7B6A-52B1-4FF5-9CF3-87EA87621FAE}.Debug|Any CPU.Build.0 = Debug|Any CPU
		{8EBC7B6A-52B1-4FF5-9CF3-87EA87621FAE}.Release|Any CPU.ActiveCfg = Release|Any CPU
		{8EBC7B6A-52B1-4FF5-9CF3-87EA87621FAE}.Release|Any CPU.Build.0 = Release|Any CPU
	EndGlobalSection
	GlobalSection(SolutionProperties) = preSolution
		HideSolutionNode = FALSE
	EndGlobalSection
	GlobalSection(ExtensibilityGlobals) = postSolution
		SolutionGuid = {397EAFF3-DD6D-416F-BF41-531623A41E9E}
	EndGlobalSection
EndGlobal
